
Microsoft Visual Studio Solution File, Format Version 12.00
# Visual Studio Version 17
VisualStudioVersion = 17.11.35431.28
MinimumVisualStudioVersion = 10.0.40219.1
Project("{9A19103F-16F7-4668-BE54-9A1E7A4F7556}") = "ProductIntegration", "ProductIntegration\ProductIntegration.csproj", "{087AFE31-646C-41DB-B4FB-10F3DF9878E2}"
EndProject
Project("{FAE04EC0-301F-11D3-BF4B-00C04F79EFBC}") = "ProductIntegration.Tests", "ProductIntegration.Tests\ProductIntegration.Tests.csproj", "{8B160C17-B1BE-4701-BA6D-9C0A3CA9042D}"
EndProject
Global
	GlobalSection(SolutionConfigurationPlatforms) = preSolution
		Debug|Any CPU = Debug|Any CPU
		Release|Any CPU = Release|Any CPU
	EndGlobalSection
	GlobalSection(ProjectConfigurationPlatforms) = postSolution
		{087AFE31-646C-41DB-B4FB-10F3DF9878E2}.Debug|Any CPU.ActiveCfg = Debug|Any CPU
		{087AFE31-646C-41DB-B4FB-10F3DF9878E2}.Debug|Any CPU.Build.0 = Debug|Any CPU
		{087AFE31-646C-41DB-B4FB-10F3DF9878E2}.Release|Any CPU.ActiveCfg = Release|Any CPU
		{087AFE31-646C-41DB-B4FB-10F3DF9878E2}.Release|Any CPU.Build.0 = Release|Any CPU
		{8B160C17-B1BE-4701-BA6D-9C0A3CA9042D}.Debug|Any CPU.ActiveCfg = Debug|Any CPU
		{8B160C17-B1BE-4701-BA6D-9C0A3CA9042D}.Debug|Any CPU.Build.0 = Debug|Any CPU
		{8B160C17-B1BE-4701-BA6D-9C0A3CA9042D}.Release|Any CPU.ActiveCfg = Release|Any CPU
		{8B160C17-B1BE-4701-BA6D-9C0A3CA9042D}.Release|Any CPU.Build.0 = Release|Any CPU
	EndGlobalSection
	GlobalSection(SolutionProperties) = preSolution
		HideSolutionNode = FALSE
	EndGlobalSection
	GlobalSection(ExtensibilityGlobals) = postSolution
		SolutionGuid = {A615C827-DE1D-4069-AEED-3DFEE169E6BC}
	EndGlobalSection
EndGlobal
